
Microsoft Visual Studio Solution File, Format Version 12.00
# Visual Studio Version 16
VisualStudioVersion = 16.0.31624.102
MinimumVisualStudioVersion = 10.0.40219.1
Project("{8BC9CEB8-8B4A-11D0-8D11-00A0C91BC942}") = "Iteratorパターン", "Iteratorパターン\Iteratorパターン\Iteratorパターン.vcxproj", "{202F4C64-6249-498F-8A78-1E123596B86B}"
EndProject
Project("{8BC9CEB8-8B4A-11D0-8D11-00A0C91BC942}") = "Adapterパターン", "Adapterパターン\Adapterパターン.vcxproj", "{5426EE2E-739F-431A-A268-C32C21FC7052}"
EndProject
Project("{8BC9CEB8-8B4A-11D0-8D11-00A0C91BC942}") = "TemplateMethodパターン", "TemplateMethodパターン\TemplateMethodパターン.vcxproj", "{3497E1B4-3D6E-4E88-8810-F73189202D6C}"
EndProject
Project("{8BC9CEB8-8B4A-11D0-8D11-00A0C91BC942}") = "FactoryMethodパターン", "FactoryMethodパターン\FactoryMethodパターン.vcxproj", "{66292DC2-41B1-4743-BEE9-13B8FEDCDADA}"
EndProject
Project("{8BC9CEB8-8B4A-11D0-8D11-00A0C91BC942}") = "Prototypeパターン", "Prototypeパターン\Prototypeパターン.vcxproj", "{CAF97905-284E-4DA7-8989-BD261225308A}"
EndProject
Project("{8BC9CEB8-8B4A-11D0-8D11-00A0C91BC942}") = "Singletonパターン", "Singletonパターン\Singletonパターン.vcxproj", "{83C77494-0EF6-42F2-8320-E92995D4688D}"
EndProject
Project("{8BC9CEB8-8B4A-11D0-8D11-00A0C91BC942}") = "Builderパターン", "Builderパターン\Builderパターン.vcxproj", "{1A36BE6C-A69D-4A77-9562-A3902A463EC0}"
EndProject
Project("{8BC9CEB8-8B4A-11D0-8D11-00A0C91BC942}") = "AbstractFactoryパターン", "AbstractFactoryパターン\AbstractFactoryパターン.vcxproj", "{332B9012-14A2-4E3A-B6AF-D61FBB86D44C}"
EndProject
Project("{8BC9CEB8-8B4A-11D0-8D11-00A0C91BC942}") = "Bridgeパターン", "Bridgeパターン\Bridgeパターン.vcxproj", "{ADD46FAA-2F9D-40B1-805B-16601D55440B}"
EndProject
Project("{8BC9CEB8-8B4A-11D0-8D11-00A0C91BC942}") = "Strategyパターン", "Strategyパターン\Strategyパターン.vcxproj", "{85709C2F-1389-4A97-A491-65F4353495DF}"
EndProject
Global
	GlobalSection(SolutionConfigurationPlatforms) = preSolution
		Debug|x64 = Debug|x64
		Debug|x86 = Debug|x86
		Release|x64 = Release|x64
		Release|x86 = Release|x86
	EndGlobalSection
	GlobalSection(ProjectConfigurationPlatforms) = postSolution
		{202F4C64-6249-498F-8A78-1E123596B86B}.Debug|x64.ActiveCfg = Debug|x64
		{202F4C64-6249-498F-8A78-1E123596B86B}.Debug|x64.Build.0 = Debug|x64
		{202F4C64-6249-498F-8A78-1E123596B86B}.Debug|x86.ActiveCfg = Debug|Win32
		{202F4C64-6249-498F-8A78-1E123596B86B}.Debug|x86.Build.0 = Debug|Win32
		{202F4C64-6249-498F-8A78-1E123596B86B}.Release|x64.ActiveCfg = Release|x64
		{202F4C64-6249-498F-8A78-1E123596B86B}.Release|x64.Build.0 = Release|x64
		{202F4C64-6249-498F-8A78-1E123596B86B}.Release|x86.ActiveCfg = Release|Win32
		{202F4C64-6249-498F-8A78-1E123596B86B}.Release|x86.Build.0 = Release|Win32
		{5426EE2E-739F-431A-A268-C32C21FC7052}.Debug|x64.ActiveCfg = Debug|x64
		{5426EE2E-739F-431A-A268-C32C21FC7052}.Debug|x64.Build.0 = Debug|x64
		{5426EE2E-739F-431A-A268-C32C21FC7052}.Debug|x86.ActiveCfg = Debug|Win32
		{5426EE2E-739F-431A-A268-C32C21FC7052}.Debug|x86.Build.0 = Debug|Win32
		{5426EE2E-739F-431A-A268-C32C21FC7052}.Release|x64.ActiveCfg = Release|x64
		{5426EE2E-739F-431A-A268-C32C21FC7052}.Release|x64.Build.0 = Release|x64
		{5426EE2E-739F-431A-A268-C32C21FC7052}.Release|x86.ActiveCfg = Release|Win32
		{5426EE2E-739F-431A-A268-C32C21FC7052}.Release|x86.Build.0 = Release|Win32
		{3497E1B4-3D6E-4E88-8810-F73189202D6C}.Debug|x64.ActiveCfg = Debug|x64
		{3497E1B4-3D6E-4E88-8810-F73189202D6C}.Debug|x64.Build.0 = Debug|x64
		{3497E1B4-3D6E-4E88-8810-F73189202D6C}.Debug|x86.ActiveCfg = Debug|Win32
		{3497E1B4-3D6E-4E88-8810-F73189202D6C}.Debug|x86.Build.0 = Debug|Win32
		{3497E1B4-3D6E-4E88-8810-F73189202D6C}.Release|x64.ActiveCfg = Release|x64
		{3497E1B4-3D6E-4E88-8810-F73189202D6C}.Release|x64.Build.0 = Release|x64
		{3497E1B4-3D6E-4E88-8810-F73189202D6C}.Release|x86.ActiveCfg = Release|Win32
		{3497E1B4-3D6E-4E88-8810-F73189202D6C}.Release|x86.Build.0 = Release|Win32
		{66292DC2-41B1-4743-BEE9-13B8FEDCDADA}.Debug|x64.ActiveCfg = Debug|x64
		{66292DC2-41B1-4743-BEE9-13B8FEDCDADA}.Debug|x64.Build.0 = Debug|x64
		{66292DC2-41B1-4743-BEE9-13B8FEDCDADA}.Debug|x86.ActiveCfg = Debug|Win32
		{66292DC2-41B1-4743-BEE9-13B8FEDCDADA}.Debug|x86.Build.0 = Debug|Win32
		{66292DC2-41B1-4743-BEE9-13B8FEDCDADA}.Release|x64.ActiveCfg = Release|x64
		{66292DC2-41B1-4743-BEE9-13B8FEDCDADA}.Release|x64.Build.0 = Release|x64
		{66292DC2-41B1-4743-BEE9-13B8FEDCDADA}.Release|x86.ActiveCfg = Release|Win32
		{66292DC2-41B1-4743-BEE9-13B8FEDCDADA}.Release|x86.Build.0 = Release|Win32
		{CAF97905-284E-4DA7-8989-BD261225308A}.Debug|x64.ActiveCfg = Debug|x64
		{CAF97905-284E-4DA7-8989-BD261225308A}.Debug|x64.Build.0 = Debug|x64
		{CAF97905-284E-4DA7-8989-BD261225308A}.Debug|x86.ActiveCfg = Debug|Win32
		{CAF97905-284E-4DA7-8989-BD261225308A}.Debug|x86.Build.0 = Debug|Win32
		{CAF97905-284E-4DA7-8989-BD261225308A}.Release|x64.ActiveCfg = Release|x64
		{CAF97905-284E-4DA7-8989-BD261225308A}.Release|x64.Build.0 = Release|x64
		{CAF97905-284E-4DA7-8989-BD261225308A}.Release|x86.ActiveCfg = Release|Win32
		{CAF97905-284E-4DA7-8989-BD261225308A}.Release|x86.Build.0 = Release|Win32
		{83C77494-0EF6-42F2-8320-E92995D4688D}.Debug|x64.ActiveCfg = Debug|x64
		{83C77494-0EF6-42F2-8320-E92995D4688D}.Debug|x64.Build.0 = Debug|x64
		{83C77494-0EF6-42F2-8320-E92995D4688D}.Debug|x86.ActiveCfg = Debug|Win32
		{83C77494-0EF6-42F2-8320-E92995D4688D}.Debug|x86.Build.0 = Debug|Win32
		{83C77494-0EF6-42F2-8320-E92995D4688D}.Release|x64.ActiveCfg = Release|x64
		{83C77494-0EF6-42F2-8320-E92995D4688D}.Release|x64.Build.0 = Release|x64
		{83C77494-0EF6-42F2-8320-E92995D4688D}.Release|x86.ActiveCfg = Release|Win32
		{83C77494-0EF6-42F2-8320-E92995D4688D}.Release|x86.Build.0 = Release|Win32
		{1A36BE6C-A69D-4A77-9562-A3902A463EC0}.Debug|x64.ActiveCfg = Debug|x64
		{1A36BE6C-A69D-4A77-9562-A3902A463EC0}.Debug|x64.Build.0 = Debug|x64
		{1A36BE6C-A69D-4A77-9562-A3902A463EC0}.Debug|x86.ActiveCfg = Debug|Win32
		{1A36BE6C-A69D-4A77-9562-A3902A463EC0}.Debug|x86.Build.0 = Debug|Win32
		{1A36BE6C-A69D-4A77-9562-A3902A463EC0}.Release|x64.ActiveCfg = Release|x64
		{1A36BE6C-A69D-4A77-9562-A3902A463EC0}.Release|x64.Build.0 = Release|x64
		{1A36BE6C-A69D-4A77-9562-A3902A463EC0}.Release|x86.ActiveCfg = Release|Win32
		{1A36BE6C-A69D-4A77-9562-A3902A463EC0}.Release|x86.Build.0 = Release|Win32
		{332B9012-14A2-4E3A-B6AF-D61FBB86D44C}.Debug|x64.ActiveCfg = Debug|x64
		{332B9012-14A2-4E3A-B6AF-D61FBB86D44C}.Debug|x64.Build.0 = Debug|x64
		{332B9012-14A2-4E3A-B6AF-D61FBB86D44C}.Debug|x86.ActiveCfg = Debug|Win32
		{332B9012-14A2-4E3A-B6AF-D61FBB86D44C}.Debug|x86.Build.0 = Debug|Win32
		{332B9012-14A2-4E3A-B6AF-D61FBB86D44C}.Release|x64.ActiveCfg = Release|x64
		{332B9012-14A2-4E3A-B6AF-D61FBB86D44C}.Release|x64.Build.0 = Release|x64
		{332B9012-14A2-4E3A-B6AF-D61FBB86D44C}.Release|x86.ActiveCfg = Release|Win32
		{332B9012-14A2-4E3A-B6AF-D61FBB86D44C}.Release|x86.Build.0 = Release|Win32
		{ADD46FAA-2F9D-40B1-805B-16601D55440B}.Debug|x64.ActiveCfg = Debug|x64
		{ADD46FAA-2F9D-40B1-805B-16601D55440B}.Debug|x64.Build.0 = Debug|x64
		{ADD46FAA-2F9D-40B1-805B-16601D55440B}.Debug|x86.ActiveCfg = Debug|Win32
		{ADD46FAA-2F9D-40B1-805B-16601D55440B}.Debug|x86.Build.0 = Debug|Win32
		{ADD46FAA-2F9D-40B1-805B-16601D55440B}.Release|x64.ActiveCfg = Release|x64
		{ADD46FAA-2F9D-40B1-805B-16601D55440B}.Release|x64.Build.0 = Release|x64
		{ADD46FAA-2F9D-40B1-805B-16601D55440B}.Release|x86.ActiveCfg = Release|Win32
		{ADD46FAA-2F9D-40B1-805B-16601D55440B}.Release|x86.Build.0 = Release|Win32
		{85709C2F-1389-4A97-A491-65F4353495DF}.Debug|x64.ActiveCfg = Debug|x64
		{85709C2F-1389-4A97-A491-65F4353495DF}.Debug|x64.Build.0 = Debug|x64
		{85709C2F-1389-4A97-A491-65F4353495DF}.Debug|x86.ActiveCfg = Debug|Win32
		{85709C2F-1389-4A97-A491-65F4353495DF}.Debug|x86.Build.0 = Debug|Win32
		{85709C2F-1389-4A97-A491-65F4353495DF}.Release|x64.ActiveCfg = Release|x64
		{85709C2F-1389-4A97-A491-65F4353495DF}.Release|x64.Build.0 = Release|x64
		{85709C2F-1389-4A97-A491-65F4353495DF}.Release|x86.ActiveCfg = Release|Win32
		{85709C2F-1389-4A97-A491-65F4353495DF}.Release|x86.Build.0 = Release|Win32
	EndGlobalSection
	GlobalSection(SolutionProperties) = preSolution
		HideSolutionNode = FALSE
	EndGlobalSection
	GlobalSection(ExtensibilityGlobals) = postSolution
		SolutionGuid = {A53ED042-5DF8-4027-A161-41DC0E2A471C}
	EndGlobalSection
EndGlobal
